// !$*UTF8*$!
{
	archiveVersion = 1;
	classes = {
	};
	objectVersion = 55;
	objects = {

/* Begin PBXBuildFile section */
		4611D67F286D11DA00DFD362 /* LocalFileManager.swift in Sources */ = {isa = PBXBuildFile; fileRef = 4611D67E286D11DA00DFD362 /* LocalFileManager.swift */; };
		4611D681286D1A9500DFD362 /* SearchBarView.swift in Sources */ = {isa = PBXBuildFile; fileRef = 4611D680286D1A9500DFD362 /* SearchBarView.swift */; };
		4611D683286D1E8B00DFD362 /* UIApplication.swift in Sources */ = {isa = PBXBuildFile; fileRef = 4611D682286D1E8B00DFD362 /* UIApplication.swift */; };
		4627947A286535CA00AE7096 /* SwiftfulCryptoApp.swift in Sources */ = {isa = PBXBuildFile; fileRef = 46279479286535CA00AE7096 /* SwiftfulCryptoApp.swift */; };
		4627947C286535CA00AE7096 /* ContentView.swift in Sources */ = {isa = PBXBuildFile; fileRef = 4627947B286535CA00AE7096 /* ContentView.swift */; };
		4627947E286535CC00AE7096 /* Assets.xcassets in Resources */ = {isa = PBXBuildFile; fileRef = 4627947D286535CC00AE7096 /* Assets.xcassets */; };
		46279481286535CC00AE7096 /* Preview Assets.xcassets in Resources */ = {isa = PBXBuildFile; fileRef = 46279480286535CC00AE7096 /* Preview Assets.xcassets */; };
		462794892865363B00AE7096 /* README.md in Resources */ = {isa = PBXBuildFile; fileRef = 462794872865363B00AE7096 /* README.md */; };
		4627948A2865363B00AE7096 /* LICENSE.txt in Resources */ = {isa = PBXBuildFile; fileRef = 462794882865363B00AE7096 /* LICENSE.txt */; };
		4627948D28653CF300AE7096 /* Color.swift in Sources */ = {isa = PBXBuildFile; fileRef = 4627948C28653CF300AE7096 /* Color.swift */; };
		4629F264286902F5003D69C4 /* CoinModel.swift in Sources */ = {isa = PBXBuildFile; fileRef = 4629F263286902F5003D69C4 /* CoinModel.swift */; };
		4629F2662869121D003D69C4 /* CoinRowView.swift in Sources */ = {isa = PBXBuildFile; fileRef = 4629F2652869121D003D69C4 /* CoinRowView.swift */; };
		4629F26828691266003D69C4 /* PreviewProvider.swift in Sources */ = {isa = PBXBuildFile; fileRef = 4629F26728691266003D69C4 /* PreviewProvider.swift */; };
		4629F26A28691549003D69C4 /* Double.swift in Sources */ = {isa = PBXBuildFile; fileRef = 4629F26928691549003D69C4 /* Double.swift */; };
		46AB0DEF2867C7E900C84B1A /* HomeView.swift in Sources */ = {isa = PBXBuildFile; fileRef = 46AB0DEE2867C7E900C84B1A /* HomeView.swift */; };
		46AB0DF32867C93600C84B1A /* CircleButtonView.swift in Sources */ = {isa = PBXBuildFile; fileRef = 46AB0DF22867C93600C84B1A /* CircleButtonView.swift */; };
		46AB0DF52867CC2500C84B1A /* CircleButtonAnimationView.swift in Sources */ = {isa = PBXBuildFile; fileRef = 46AB0DF42867CC2500C84B1A /* CircleButtonAnimationView.swift */; };
		46CA13DD286A893C008D8419 /* HomeViewModel.swift in Sources */ = {isa = PBXBuildFile; fileRef = 46CA13DC286A893C008D8419 /* HomeViewModel.swift */; };
		46E9CAA5286BC72500814048 /* CoinDataService.swift in Sources */ = {isa = PBXBuildFile; fileRef = 46E9CAA4286BC72500814048 /* CoinDataService.swift */; };
		46E9CAA8286BCFFB00814048 /* NetworkingManager.swift in Sources */ = {isa = PBXBuildFile; fileRef = 46E9CAA7286BCFFB00814048 /* NetworkingManager.swift */; };
		46E9CAAB286BD9A200814048 /* CoinImageView.swift in Sources */ = {isa = PBXBuildFile; fileRef = 46E9CAAA286BD9A200814048 /* CoinImageView.swift */; };
		46E9CAAD286BDB1D00814048 /* CoinImageService.swift in Sources */ = {isa = PBXBuildFile; fileRef = 46E9CAAC286BDB1D00814048 /* CoinImageService.swift */; };
		46E9CAAF286BDC9300814048 /* CoinImageViewModel.swift in Sources */ = {isa = PBXBuildFile; fileRef = 46E9CAAE286BDC9300814048 /* CoinImageViewModel.swift */; };
/* End PBXBuildFile section */

/* Begin PBXFileReference section */
		4611D67E286D11DA00DFD362 /* LocalFileManager.swift */ = {isa = PBXFileReference; lastKnownFileType = sourcecode.swift; path = LocalFileManager.swift; sourceTree = "<group>"; };
		4611D680286D1A9500DFD362 /* SearchBarView.swift */ = {isa = PBXFileReference; lastKnownFileType = sourcecode.swift; path = SearchBarView.swift; sourceTree = "<group>"; };
		4611D682286D1E8B00DFD362 /* UIApplication.swift */ = {isa = PBXFileReference; lastKnownFileType = sourcecode.swift; path = UIApplication.swift; sourceTree = "<group>"; };
		46279476286535CA00AE7096 /* Crypto Tracker.app */ = {isa = PBXFileReference; explicitFileType = wrapper.application; includeInIndex = 0; path = "Crypto Tracker.app"; sourceTree = BUILT_PRODUCTS_DIR; };
		46279479286535CA00AE7096 /* SwiftfulCryptoApp.swift */ = {isa = PBXFileReference; lastKnownFileType = sourcecode.swift; path = SwiftfulCryptoApp.swift; sourceTree = "<group>"; };
		4627947B286535CA00AE7096 /* ContentView.swift */ = {isa = PBXFileReference; lastKnownFileType = sourcecode.swift; path = ContentView.swift; sourceTree = "<group>"; };
		4627947D286535CC00AE7096 /* Assets.xcassets */ = {isa = PBXFileReference; lastKnownFileType = folder.assetcatalog; path = Assets.xcassets; sourceTree = "<group>"; };
		46279480286535CC00AE7096 /* Preview Assets.xcassets */ = {isa = PBXFileReference; lastKnownFileType = folder.assetcatalog; path = "Preview Assets.xcassets"; sourceTree = "<group>"; };
		462794872865363B00AE7096 /* README.md */ = {isa = PBXFileReference; fileEncoding = 4; lastKnownFileType = net.daringfireball.markdown; path = README.md; sourceTree = "<group>"; };
		462794882865363B00AE7096 /* LICENSE.txt */ = {isa = PBXFileReference; fileEncoding = 4; lastKnownFileType = text; path = LICENSE.txt; sourceTree = "<group>"; };
		4627948C28653CF300AE7096 /* Color.swift */ = {isa = PBXFileReference; lastKnownFileType = sourcecode.swift; path = Color.swift; sourceTree = "<group>"; };
		4629F263286902F5003D69C4 /* CoinModel.swift */ = {isa = PBXFileReference; lastKnownFileType = sourcecode.swift; path = CoinModel.swift; sourceTree = "<group>"; };
		4629F2652869121D003D69C4 /* CoinRowView.swift */ = {isa = PBXFileReference; lastKnownFileType = sourcecode.swift; path = CoinRowView.swift; sourceTree = "<group>"; };
		4629F26728691266003D69C4 /* PreviewProvider.swift */ = {isa = PBXFileReference; lastKnownFileType = sourcecode.swift; path = PreviewProvider.swift; sourceTree = "<group>"; };
		4629F26928691549003D69C4 /* Double.swift */ = {isa = PBXFileReference; lastKnownFileType = sourcecode.swift; path = Double.swift; sourceTree = "<group>"; };
		46AB0DEE2867C7E900C84B1A /* HomeView.swift */ = {isa = PBXFileReference; lastKnownFileType = sourcecode.swift; path = HomeView.swift; sourceTree = "<group>"; };
		46AB0DF22867C93600C84B1A /* CircleButtonView.swift */ = {isa = PBXFileReference; lastKnownFileType = sourcecode.swift; path = CircleButtonView.swift; sourceTree = "<group>"; };
		46AB0DF42867CC2500C84B1A /* CircleButtonAnimationView.swift */ = {isa = PBXFileReference; lastKnownFileType = sourcecode.swift; path = CircleButtonAnimationView.swift; sourceTree = "<group>"; };
		46CA13DC286A893C008D8419 /* HomeViewModel.swift */ = {isa = PBXFileReference; lastKnownFileType = sourcecode.swift; path = HomeViewModel.swift; sourceTree = "<group>"; };
		46E9CAA4286BC72500814048 /* CoinDataService.swift */ = {isa = PBXFileReference; lastKnownFileType = sourcecode.swift; path = CoinDataService.swift; sourceTree = "<group>"; };
		46E9CAA7286BCFFB00814048 /* NetworkingManager.swift */ = {isa = PBXFileReference; lastKnownFileType = sourcecode.swift; path = NetworkingManager.swift; sourceTree = "<group>"; };
		46E9CAAA286BD9A200814048 /* CoinImageView.swift */ = {isa = PBXFileReference; lastKnownFileType = sourcecode.swift; path = CoinImageView.swift; sourceTree = "<group>"; };
		46E9CAAC286BDB1D00814048 /* CoinImageService.swift */ = {isa = PBXFileReference; lastKnownFileType = sourcecode.swift; path = CoinImageService.swift; sourceTree = "<group>"; };
		46E9CAAE286BDC9300814048 /* CoinImageViewModel.swift */ = {isa = PBXFileReference; lastKnownFileType = sourcecode.swift; path = CoinImageViewModel.swift; sourceTree = "<group>"; };
/* End PBXFileReference section */

/* Begin PBXFrameworksBuildPhase section */
		46279473286535CA00AE7096 /* Frameworks */ = {
			isa = PBXFrameworksBuildPhase;
			buildActionMask = 2147483647;
			files = (
			);
			runOnlyForDeploymentPostprocessing = 0;
		};
/* End PBXFrameworksBuildPhase section */

/* Begin PBXGroup section */
		4627946D286535CA00AE7096 = {
			isa = PBXGroup;
			children = (
				462794882865363B00AE7096 /* LICENSE.txt */,
				462794872865363B00AE7096 /* README.md */,
				46279478286535CA00AE7096 /* SwiftfulCrypto */,
				46279477286535CA00AE7096 /* Products */,
			);
			sourceTree = "<group>";
		};
		46279477286535CA00AE7096 /* Products */ = {
			isa = PBXGroup;
			children = (
				46279476286535CA00AE7096 /* Crypto Tracker.app */,
			);
			name = Products;
			sourceTree = "<group>";
		};
		46279478286535CA00AE7096 /* SwiftfulCrypto */ = {
			isa = PBXGroup;
			children = (
				46279479286535CA00AE7096 /* SwiftfulCryptoApp.swift */,
				46E9CAA6286BCFE100814048 /* Utilities */,
				4627948B28653CD000AE7096 /* Extensions */,
				46E9CAA3286BC70500814048 /* Services */,
				4629F262286902D4003D69C4 /* Models */,
				46AB0DEA2867C79100C84B1A /* Core */,
				4627947B286535CA00AE7096 /* ContentView.swift */,
				4627947D286535CC00AE7096 /* Assets.xcassets */,
				4627947F286535CC00AE7096 /* Preview Content */,
			);
			path = SwiftfulCrypto;
			sourceTree = "<group>";
		};
		4627947F286535CC00AE7096 /* Preview Content */ = {
			isa = PBXGroup;
			children = (
				46279480286535CC00AE7096 /* Preview Assets.xcassets */,
			);
			path = "Preview Content";
			sourceTree = "<group>";
		};
		4627948B28653CD000AE7096 /* Extensions */ = {
			isa = PBXGroup;
			children = (
				4627948C28653CF300AE7096 /* Color.swift */,
				4629F26728691266003D69C4 /* PreviewProvider.swift */,
				4629F26928691549003D69C4 /* Double.swift */,
				4611D682286D1E8B00DFD362 /* UIApplication.swift */,
			);
			path = Extensions;
			sourceTree = "<group>";
		};
		4629F262286902D4003D69C4 /* Models */ = {
			isa = PBXGroup;
			children = (
				4629F263286902F5003D69C4 /* CoinModel.swift */,
			);
			path = Models;
			sourceTree = "<group>";
		};
		46AB0DEA2867C79100C84B1A /* Core */ = {
			isa = PBXGroup;
			children = (
				46AB0DF02867C90400C84B1A /* Components */,
				46AB0DEB2867C7AE00C84B1A /* Home */,
			);
			path = Core;
			sourceTree = "<group>";
		};
		46AB0DEB2867C7AE00C84B1A /* Home */ = {
			isa = PBXGroup;
			children = (
				46AB0DED2867C7C800C84B1A /* ViewModels */,
				46AB0DEC2867C7BF00C84B1A /* Views */,
			);
			path = Home;
			sourceTree = "<group>";
		};
		46AB0DEC2867C7BF00C84B1A /* Views */ = {
			isa = PBXGroup;
			children = (
				46AB0DEE2867C7E900C84B1A /* HomeView.swift */,
				4629F2652869121D003D69C4 /* CoinRowView.swift */,
			);
			path = Views;
			sourceTree = "<group>";
		};
		46AB0DED2867C7C800C84B1A /* ViewModels */ = {
			isa = PBXGroup;
			children = (
				46CA13DC286A893C008D8419 /* HomeViewModel.swift */,
			);
			path = ViewModels;
			sourceTree = "<group>";
		};
		46AB0DF02867C90400C84B1A /* Components */ = {
			isa = PBXGroup;
			children = (
				46E9CAA9286BD99000814048 /* CoinImage */,
				46AB0DF12867C91C00C84B1A /* CircleButton */,
				4611D680286D1A9500DFD362 /* SearchBarView.swift */,
			);
			path = Components;
			sourceTree = "<group>";
		};
		46AB0DF12867C91C00C84B1A /* CircleButton */ = {
			isa = PBXGroup;
			children = (
				46AB0DF22867C93600C84B1A /* CircleButtonView.swift */,
				46AB0DF42867CC2500C84B1A /* CircleButtonAnimationView.swift */,
			);
			path = CircleButton;
			sourceTree = "<group>";
		};
		46E9CAA3286BC70500814048 /* Services */ = {
			isa = PBXGroup;
			children = (
				46E9CAA4286BC72500814048 /* CoinDataService.swift */,
				46E9CAAC286BDB1D00814048 /* CoinImageService.swift */,
			);
			path = Services;
			sourceTree = "<group>";
		};
		46E9CAA6286BCFE100814048 /* Utilities */ = {
			isa = PBXGroup;
			children = (
				46E9CAA7286BCFFB00814048 /* NetworkingManager.swift */,
				4611D67E286D11DA00DFD362 /* LocalFileManager.swift */,
			);
			path = Utilities;
			sourceTree = "<group>";
		};
		46E9CAA9286BD99000814048 /* CoinImage */ = {
			isa = PBXGroup;
			children = (
				46E9CAAA286BD9A200814048 /* CoinImageView.swift */,
				46E9CAAE286BDC9300814048 /* CoinImageViewModel.swift */,
			);
			path = CoinImage;
			sourceTree = "<group>";
		};
/* End PBXGroup section */

/* Begin PBXNativeTarget section */
		46279475286535CA00AE7096 /* SwiftfulCrypto */ = {
			isa = PBXNativeTarget;
			buildConfigurationList = 46279484286535CC00AE7096 /* Build configuration list for PBXNativeTarget "SwiftfulCrypto" */;
			buildPhases = (
				46279472286535CA00AE7096 /* Sources */,
				46279473286535CA00AE7096 /* Frameworks */,
				46279474286535CA00AE7096 /* Resources */,
			);
			buildRules = (
			);
			dependencies = (
			);
			name = SwiftfulCrypto;
			productName = SwiftfulCrypto;
			productReference = 46279476286535CA00AE7096 /* Crypto Tracker.app */;
			productType = "com.apple.product-type.application";
		};
/* End PBXNativeTarget section */

/* Begin PBXProject section */
		4627946E286535CA00AE7096 /* Project object */ = {
			isa = PBXProject;
			attributes = {
				BuildIndependentTargetsInParallel = 1;
				LastSwiftUpdateCheck = 1340;
				LastUpgradeCheck = 1340;
				TargetAttributes = {
					46279475286535CA00AE7096 = {
						CreatedOnToolsVersion = 13.4.1;
					};
				};
			};
			buildConfigurationList = 46279471286535CA00AE7096 /* Build configuration list for PBXProject "SwiftfulCrypto" */;
			compatibilityVersion = "Xcode 13.0";
			developmentRegion = en;
			hasScannedForEncodings = 0;
			knownRegions = (
				en,
				Base,
			);
			mainGroup = 4627946D286535CA00AE7096;
			productRefGroup = 46279477286535CA00AE7096 /* Products */;
			projectDirPath = "";
			projectRoot = "";
			targets = (
				46279475286535CA00AE7096 /* SwiftfulCrypto */,
			);
		};
/* End PBXProject section */

/* Begin PBXResourcesBuildPhase section */
		46279474286535CA00AE7096 /* Resources */ = {
			isa = PBXResourcesBuildPhase;
			buildActionMask = 2147483647;
			files = (
				4627948A2865363B00AE7096 /* LICENSE.txt in Resources */,
				462794892865363B00AE7096 /* README.md in Resources */,
				46279481286535CC00AE7096 /* Preview Assets.xcassets in Resources */,
				4627947E286535CC00AE7096 /* Assets.xcassets in Resources */,
			);
			runOnlyForDeploymentPostprocessing = 0;
		};
/* End PBXResourcesBuildPhase section */

/* Begin PBXSourcesBuildPhase section */
		46279472286535CA00AE7096 /* Sources */ = {
			isa = PBXSourcesBuildPhase;
			buildActionMask = 2147483647;
			files = (
				46E9CAA5286BC72500814048 /* CoinDataService.swift in Sources */,
				4629F2662869121D003D69C4 /* CoinRowView.swift in Sources */,
				46CA13DD286A893C008D8419 /* HomeViewModel.swift in Sources */,
				4627947C286535CA00AE7096 /* ContentView.swift in Sources */,
				4611D67F286D11DA00DFD362 /* LocalFileManager.swift in Sources */,
				46AB0DEF2867C7E900C84B1A /* HomeView.swift in Sources */,
				46E9CAAB286BD9A200814048 /* CoinImageView.swift in Sources */,
				4627947A286535CA00AE7096 /* SwiftfulCryptoApp.swift in Sources */,
				4611D683286D1E8B00DFD362 /* UIApplication.swift in Sources */,
				46AB0DF32867C93600C84B1A /* CircleButtonView.swift in Sources */,
				4627948D28653CF300AE7096 /* Color.swift in Sources */,
				4611D681286D1A9500DFD362 /* SearchBarView.swift in Sources */,
				46E9CAA8286BCFFB00814048 /* NetworkingManager.swift in Sources */,
				46AB0DF52867CC2500C84B1A /* CircleButtonAnimationView.swift in Sources */,
				46E9CAAF286BDC9300814048 /* CoinImageViewModel.swift in Sources */,
				4629F26828691266003D69C4 /* PreviewProvider.swift in Sources */,
				4629F26A28691549003D69C4 /* Double.swift in Sources */,
				46E9CAAD286BDB1D00814048 /* CoinImageService.swift in Sources */,
				4629F264286902F5003D69C4 /* CoinModel.swift in Sources */,
			);
			runOnlyForDeploymentPostprocessing = 0;
		};
/* End PBXSourcesBuildPhase section */

/* Begin XCBuildConfiguration section */
		46279482286535CC00AE7096 /* Debug */ = {
			isa = XCBuildConfiguration;
			buildSettings = {
				ALWAYS_SEARCH_USER_PATHS = NO;
				CLANG_ANALYZER_NONNULL = YES;
				CLANG_ANALYZER_NUMBER_OBJECT_CONVERSION = YES_AGGRESSIVE;
				CLANG_CXX_LANGUAGE_STANDARD = "gnu++17";
				CLANG_ENABLE_MODULES = YES;
				CLANG_ENABLE_OBJC_ARC = YES;
				CLANG_ENABLE_OBJC_WEAK = YES;
				CLANG_WARN_BLOCK_CAPTURE_AUTORELEASING = YES;
				CLANG_WARN_BOOL_CONVERSION = YES;
				CLANG_WARN_COMMA = YES;
				CLANG_WARN_CONSTANT_CONVERSION = YES;
				CLANG_WARN_DEPRECATED_OBJC_IMPLEMENTATIONS = YES;
				CLANG_WARN_DIRECT_OBJC_ISA_USAGE = YES_ERROR;
				CLANG_WARN_DOCUMENTATION_COMMENTS = YES;
				CLANG_WARN_EMPTY_BODY = YES;
				CLANG_WARN_ENUM_CONVERSION = YES;
				CLANG_WARN_INFINITE_RECURSION = YES;
				CLANG_WARN_INT_CONVERSION = YES;
				CLANG_WARN_NON_LITERAL_NULL_CONVERSION = YES;
				CLANG_WARN_OBJC_IMPLICIT_RETAIN_SELF = YES;
				CLANG_WARN_OBJC_LITERAL_CONVERSION = YES;
				CLANG_WARN_OBJC_ROOT_CLASS = YES_ERROR;
				CLANG_WARN_QUOTED_INCLUDE_IN_FRAMEWORK_HEADER = YES;
				CLANG_WARN_RANGE_LOOP_ANALYSIS = YES;
				CLANG_WARN_STRICT_PROTOTYPES = YES;
				CLANG_WARN_SUSPICIOUS_MOVE = YES;
				CLANG_WARN_UNGUARDED_AVAILABILITY = YES_AGGRESSIVE;
				CLANG_WARN_UNREACHABLE_CODE = YES;
				CLANG_WARN__DUPLICATE_METHOD_MATCH = YES;
				COPY_PHASE_STRIP = NO;
				DEBUG_INFORMATION_FORMAT = dwarf;
				ENABLE_STRICT_OBJC_MSGSEND = YES;
				ENABLE_TESTABILITY = YES;
				GCC_C_LANGUAGE_STANDARD = gnu11;
				GCC_DYNAMIC_NO_PIC = NO;
				GCC_NO_COMMON_BLOCKS = YES;
				GCC_OPTIMIZATION_LEVEL = 0;
				GCC_PREPROCESSOR_DEFINITIONS = (
					"DEBUG=1",
					"$(inherited)",
				);
				GCC_WARN_64_TO_32_BIT_CONVERSION = YES;
				GCC_WARN_ABOUT_RETURN_TYPE = YES_ERROR;
				GCC_WARN_UNDECLARED_SELECTOR = YES;
				GCC_WARN_UNINITIALIZED_AUTOS = YES_AGGRESSIVE;
				GCC_WARN_UNUSED_FUNCTION = YES;
				GCC_WARN_UNUSED_VARIABLE = YES;
				IPHONEOS_DEPLOYMENT_TARGET = 15.5;
				MTL_ENABLE_DEBUG_INFO = INCLUDE_SOURCE;
				MTL_FAST_MATH = YES;
				ONLY_ACTIVE_ARCH = YES;
				SDKROOT = iphoneos;
				SWIFT_ACTIVE_COMPILATION_CONDITIONS = DEBUG;
				SWIFT_OPTIMIZATION_LEVEL = "-Onone";
			};
			name = Debug;
		};
		46279483286535CC00AE7096 /* Release */ = {
			isa = XCBuildConfiguration;
			buildSettings = {
				ALWAYS_SEARCH_USER_PATHS = NO;
				CLANG_ANALYZER_NONNULL = YES;
				CLANG_ANALYZER_NUMBER_OBJECT_CONVERSION = YES_AGGRESSIVE;
				CLANG_CXX_LANGUAGE_STANDARD = "gnu++17";
				CLANG_ENABLE_MODULES = YES;
				CLANG_ENABLE_OBJC_ARC = YES;
				CLANG_ENABLE_OBJC_WEAK = YES;
				CLANG_WARN_BLOCK_CAPTURE_AUTORELEASING = YES;
				CLANG_WARN_BOOL_CONVERSION = YES;
				CLANG_WARN_COMMA = YES;
				CLANG_WARN_CONSTANT_CONVERSION = YES;
				CLANG_WARN_DEPRECATED_OBJC_IMPLEMENTATIONS = YES;
				CLANG_WARN_DIRECT_OBJC_ISA_USAGE = YES_ERROR;
				CLANG_WARN_DOCUMENTATION_COMMENTS = YES;
				CLANG_WARN_EMPTY_BODY = YES;
				CLANG_WARN_ENUM_CONVERSION = YES;
				CLANG_WARN_INFINITE_RECURSION = YES;
				CLANG_WARN_INT_CONVERSION = YES;
				CLANG_WARN_NON_LITERAL_NULL_CONVERSION = YES;
				CLANG_WARN_OBJC_IMPLICIT_RETAIN_SELF = YES;
				CLANG_WARN_OBJC_LITERAL_CONVERSION = YES;
				CLANG_WARN_OBJC_ROOT_CLASS = YES_ERROR;
				CLANG_WARN_QUOTED_INCLUDE_IN_FRAMEWORK_HEADER = YES;
				CLANG_WARN_RANGE_LOOP_ANALYSIS = YES;
				CLANG_WARN_STRICT_PROTOTYPES = YES;
				CLANG_WARN_SUSPICIOUS_MOVE = YES;
				CLANG_WARN_UNGUARDED_AVAILABILITY = YES_AGGRESSIVE;
				CLANG_WARN_UNREACHABLE_CODE = YES;
				CLANG_WARN__DUPLICATE_METHOD_MATCH = YES;
				COPY_PHASE_STRIP = NO;
				DEBUG_INFORMATION_FORMAT = "dwarf-with-dsym";
				ENABLE_NS_ASSERTIONS = NO;
				ENABLE_STRICT_OBJC_MSGSEND = YES;
				GCC_C_LANGUAGE_STANDARD = gnu11;
				GCC_NO_COMMON_BLOCKS = YES;
				GCC_WARN_64_TO_32_BIT_CONVERSION = YES;
				GCC_WARN_ABOUT_RETURN_TYPE = YES_ERROR;
				GCC_WARN_UNDECLARED_SELECTOR = YES;
				GCC_WARN_UNINITIALIZED_AUTOS = YES_AGGRESSIVE;
				GCC_WARN_UNUSED_FUNCTION = YES;
				GCC_WARN_UNUSED_VARIABLE = YES;
				IPHONEOS_DEPLOYMENT_TARGET = 15.5;
				MTL_ENABLE_DEBUG_INFO = NO;
				MTL_FAST_MATH = YES;
				SDKROOT = iphoneos;
				SWIFT_COMPILATION_MODE = wholemodule;
				SWIFT_OPTIMIZATION_LEVEL = "-O";
				VALIDATE_PRODUCT = YES;
			};
			name = Release;
		};
		46279485286535CC00AE7096 /* Debug */ = {
			isa = XCBuildConfiguration;
			buildSettings = {
				ASSETCATALOG_COMPILER_APPICON_NAME = AppIcon;
				ASSETCATALOG_COMPILER_GLOBAL_ACCENT_COLOR_NAME = AccentColor;
				CODE_SIGN_STYLE = Automatic;
				CURRENT_PROJECT_VERSION = 1;
				DEVELOPMENT_ASSET_PATHS = "\"SwiftfulCrypto/Preview Content\"";
				DEVELOPMENT_TEAM = 567K2BW2V9;
				ENABLE_PREVIEWS = YES;
				GENERATE_INFOPLIST_FILE = YES;
				INFOPLIST_KEY_UIApplicationSceneManifest_Generation = YES;
				INFOPLIST_KEY_UIApplicationSupportsIndirectInputEvents = YES;
				INFOPLIST_KEY_UILaunchScreen_Generation = YES;
				INFOPLIST_KEY_UISupportedInterfaceOrientations = UIInterfaceOrientationPortrait;
				INFOPLIST_KEY_UISupportedInterfaceOrientations_iPad = "UIInterfaceOrientationPortrait UIInterfaceOrientationPortraitUpsideDown UIInterfaceOrientationLandscapeLeft UIInterfaceOrientationLandscapeRight";
				INFOPLIST_KEY_UISupportedInterfaceOrientations_iPhone = "UIInterfaceOrientationPortrait UIInterfaceOrientationLandscapeLeft UIInterfaceOrientationLandscapeRight";
				IPHONEOS_DEPLOYMENT_TARGET = 14.0;
				LD_RUNPATH_SEARCH_PATHS = (
					"$(inherited)",
					"@executable_path/Frameworks",
				);
				MARKETING_VERSION = 1.0;
				PRODUCT_BUNDLE_IDENTIFIER = com.example.ios.SwiftfulCrypto;
				PRODUCT_NAME = "Crypto Tracker";
				SWIFT_EMIT_LOC_STRINGS = YES;
				SWIFT_VERSION = 5.0;
				TARGETED_DEVICE_FAMILY = "1,2";
			};
			name = Debug;
		};
		46279486286535CC00AE7096 /* Release */ = {
			isa = XCBuildConfiguration;
			buildSettings = {
				ASSETCATALOG_COMPILER_APPICON_NAME = AppIcon;
				ASSETCATALOG_COMPILER_GLOBAL_ACCENT_COLOR_NAME = AccentColor;
				CODE_SIGN_STYLE = Automatic;
				CURRENT_PROJECT_VERSION = 1;
				DEVELOPMENT_ASSET_PATHS = "\"SwiftfulCrypto/Preview Content\"";
				DEVELOPMENT_TEAM = 567K2BW2V9;
				ENABLE_PREVIEWS = YES;
				GENERATE_INFOPLIST_FILE = YES;
				INFOPLIST_KEY_UIApplicationSceneManifest_Generation = YES;
				INFOPLIST_KEY_UIApplicationSupportsIndirectInputEvents = YES;
				INFOPLIST_KEY_UILaunchScreen_Generation = YES;
				INFOPLIST_KEY_UISupportedInterfaceOrientations = UIInterfaceOrientationPortrait;
				INFOPLIST_KEY_UISupportedInterfaceOrientations_iPad = "UIInterfaceOrientationPortrait UIInterfaceOrientationPortraitUpsideDown UIInterfaceOrientationLandscapeLeft UIInterfaceOrientationLandscapeRight";
				INFOPLIST_KEY_UISupportedInterfaceOrientations_iPhone = "UIInterfaceOrientationPortrait UIInterfaceOrientationLandscapeLeft UIInterfaceOrientationLandscapeRight";
				IPHONEOS_DEPLOYMENT_TARGET = 14.0;
				LD_RUNPATH_SEARCH_PATHS = (
					"$(inherited)",
					"@executable_path/Frameworks",
				);
				MARKETING_VERSION = 1.0;
				PRODUCT_BUNDLE_IDENTIFIER = com.example.ios.SwiftfulCrypto;
				PRODUCT_NAME = "Crypto Tracker";
				SWIFT_EMIT_LOC_STRINGS = YES;
				SWIFT_VERSION = 5.0;
				TARGETED_DEVICE_FAMILY = "1,2";
			};
			name = Release;
		};
/* End XCBuildConfiguration section */

/* Begin XCConfigurationList section */
		46279471286535CA00AE7096 /* Build configuration list for PBXProject "SwiftfulCrypto" */ = {
			isa = XCConfigurationList;
			buildConfigurations = (
				46279482286535CC00AE7096 /* Debug */,
				46279483286535CC00AE7096 /* Release */,
			);
			defaultConfigurationIsVisible = 0;
			defaultConfigurationName = Release;
		};
		46279484286535CC00AE7096 /* Build configuration list for PBXNativeTarget "SwiftfulCrypto" */ = {
			isa = XCConfigurationList;
			buildConfigurations = (
				46279485286535CC00AE7096 /* Debug */,
				46279486286535CC00AE7096 /* Release */,
			);
			defaultConfigurationIsVisible = 0;
			defaultConfigurationName = Release;
		};
/* End XCConfigurationList section */
	};
	rootObject = 4627946E286535CA00AE7096 /* Project object */;
}
